
Microsoft Visual Studio Solution File, Format Version 12.00
# Visual Studio Version 17
VisualStudioVersion = 17.4.33213.308
MinimumVisualStudioVersion = 10.0.40219.1
Project("{FAE04EC0-301F-11D3-BF4B-00C04F79EFBC}") = "BlogApp1", "BlogApp1.csproj", "{9B805464-F94A-4E69-A8C2-39B2A7CA825F}"
EndProject
Global
	GlobalSection(SolutionConfigurationPlatforms) = preSolution
		Debug|Any CPU = Debug|Any CPU
		Release|Any CPU = Release|Any CPU
	EndGlobalSection
	GlobalSection(ProjectConfigurationPlatforms) = postSolution
		{9B805464-F94A-4E69-A8C2-39B2A7CA825F}.Debug|Any CPU.ActiveCfg = Debug|Any CPU
		{9B805464-F94A-4E69-A8C2-39B2A7CA825F}.Debug|Any CPU.Build.0 = Debug|Any CPU
		{9B805464-F94A-4E69-A8C2-39B2A7CA825F}.Release|Any CPU.ActiveCfg = Release|Any CPU
		{9B805464-F94A-4E69-A8C2-39B2A7CA825F}.Release|Any CPU.Build.0 = Release|Any CPU
	EndGlobalSection
	GlobalSection(SolutionProperties) = preSolution
		HideSolutionNode = FALSE
	EndGlobalSection
	GlobalSection(ExtensibilityGlobals) = postSolution
		SolutionGuid = {1B92F881-79FB-47FE-ABF7-207896BC0E39}
	EndGlobalSection
EndGlobal
